
Microsoft Visual Studio Solution File, Format Version 12.00
# Visual Studio Version 17
VisualStudioVersion = 17.0.31903.59
MinimumVisualStudioVersion = 10.0.40219.1
Project("{FAE04EC0-301F-11D3-BF4B-00C04F79EFBC}") = "API", "API\API.csproj", "{F0A0609F-7A97-4B55-966E-78170697BC9C}"
EndProject
Project("{FAE04EC0-301F-11D3-BF4B-00C04F79EFBC}") = "Core", "Core\Core.csproj", "{1514A57C-1C0F-466B-87F0-7A8C003958B2}"
EndProject
Project("{FAE04EC0-301F-11D3-BF4B-00C04F79EFBC}") = "Infrastructure", "Infrastructure\Infrastructure.csproj", "{9080C51C-54CA-4633-A98C-4DFA24552A3A}"
EndProject
Global
	GlobalSection(SolutionConfigurationPlatforms) = preSolution
		Debug|Any CPU = Debug|Any CPU
		Release|Any CPU = Release|Any CPU
	EndGlobalSection
	GlobalSection(SolutionProperties) = preSolution
		HideSolutionNode = FALSE
	EndGlobalSection
	GlobalSection(ProjectConfigurationPlatforms) = postSolution
		{F0A0609F-7A97-4B55-966E-78170697BC9C}.Debug|Any CPU.ActiveCfg = Debug|Any CPU
		{F0A0609F-7A97-4B55-966E-78170697BC9C}.Debug|Any CPU.Build.0 = Debug|Any CPU
		{F0A0609F-7A97-4B55-966E-78170697BC9C}.Release|Any CPU.ActiveCfg = Release|Any CPU
		{F0A0609F-7A97-4B55-966E-78170697BC9C}.Release|Any CPU.Build.0 = Release|Any CPU
		{1514A57C-1C0F-466B-87F0-7A8C003958B2}.Debug|Any CPU.ActiveCfg = Debug|Any CPU
		{1514A57C-1C0F-466B-87F0-7A8C003958B2}.Debug|Any CPU.Build.0 = Debug|Any CPU
		{1514A57C-1C0F-466B-87F0-7A8C003958B2}.Release|Any CPU.ActiveCfg = Release|Any CPU
		{1514A57C-1C0F-466B-87F0-7A8C003958B2}.Release|Any CPU.Build.0 = Release|Any CPU
		{9080C51C-54CA-4633-A98C-4DFA24552A3A}.Debug|Any CPU.ActiveCfg = Debug|Any CPU
		{9080C51C-54CA-4633-A98C-4DFA24552A3A}.Debug|Any CPU.Build.0 = Debug|Any CPU
		{9080C51C-54CA-4633-A98C-4DFA24552A3A}.Release|Any CPU.ActiveCfg = Release|Any CPU
		{9080C51C-54CA-4633-A98C-4DFA24552A3A}.Release|Any CPU.Build.0 = Release|Any CPU
	EndGlobalSection
EndGlobal
